Microsoft Visual Studio Solution File, Format Version 12.00
# Visual Studio 2012
Project("{FAE04EC0-301F-11D3-BF4B-00C04F79EFBC}") = "Labyrinth", "Labyrinth.csproj", "{15926A48-0AA6-42ED-90E4-4E50009B022A}"
EndProject
Global
	GlobalSection(SolutionConfigurationPlatforms) = preSolution
	Debug|Any CPU = Debug|Any CPU
	ExportDebug|Any CPU = ExportDebug|Any CPU
	ExportRelease|Any CPU = ExportRelease|Any CPU
	EndGlobalSection
	GlobalSection(ProjectConfigurationPlatforms) = postSolution
		{15926A48-0AA6-42ED-90E4-4E50009B022A}.Debug|Any CPU.ActiveCfg = Debug|Any CPU
		{15926A48-0AA6-42ED-90E4-4E50009B022A}.Debug|Any CPU.Build.0 = Debug|Any CPU
		{15926A48-0AA6-42ED-90E4-4E50009B022A}.ExportDebug|Any CPU.ActiveCfg = ExportDebug|Any CPU
		{15926A48-0AA6-42ED-90E4-4E50009B022A}.ExportDebug|Any CPU.Build.0 = ExportDebug|Any CPU
		{15926A48-0AA6-42ED-90E4-4E50009B022A}.ExportRelease|Any CPU.ActiveCfg = ExportRelease|Any CPU
		{15926A48-0AA6-42ED-90E4-4E50009B022A}.ExportRelease|Any CPU.Build.0 = ExportRelease|Any CPU
	EndGlobalSection
EndGlobal
